
Microsoft Visual Studio Solution File, Format Version 12.00
# Visual Studio Version 17
VisualStudioVersion = 17.5.33424.131
MinimumVisualStudioVersion = 10.0.40219.1
Project("{FAE04EC0-301F-11D3-BF4B-00C04F79EFBC}") = "lab_1", "lab_1.csproj", "{227C9099-6DF6-44DE-9DFF-C41AB1C2EB3D}"
EndProject
Project("{FAE04EC0-301F-11D3-BF4B-00C04F79EFBC}") = "Test1", "..\Test1\Test1.csproj", "{32815FF9-C901-4171-BF7E-AA3CDA132A43}"
EndProject
Global
	GlobalSection(SolutionConfigurationPlatforms) = preSolution
		Debug|Any CPU = Debug|Any CPU
		Release|Any CPU = Release|Any CPU
	EndGlobalSection
	GlobalSection(ProjectConfigurationPlatforms) = postSolution
		{227C9099-6DF6-44DE-9DFF-C41AB1C2EB3D}.Debug|Any CPU.ActiveCfg = Debug|Any CPU
		{227C9099-6DF6-44DE-9DFF-C41AB1C2EB3D}.Debug|Any CPU.Build.0 = Debug|Any CPU
		{227C9099-6DF6-44DE-9DFF-C41AB1C2EB3D}.Release|Any CPU.ActiveCfg = Release|Any CPU
		{227C9099-6DF6-44DE-9DFF-C41AB1C2EB3D}.Release|Any CPU.Build.0 = Release|Any CPU
		{32815FF9-C901-4171-BF7E-AA3CDA132A43}.Debug|Any CPU.ActiveCfg = Debug|Any CPU
		{32815FF9-C901-4171-BF7E-AA3CDA132A43}.Debug|Any CPU.Build.0 = Debug|Any CPU
		{32815FF9-C901-4171-BF7E-AA3CDA132A43}.Release|Any CPU.ActiveCfg = Release|Any CPU
		{32815FF9-C901-4171-BF7E-AA3CDA132A43}.Release|Any CPU.Build.0 = Release|Any CPU
	EndGlobalSection
	GlobalSection(SolutionProperties) = preSolution
		HideSolutionNode = FALSE
	EndGlobalSection
	GlobalSection(ExtensibilityGlobals) = postSolution
		SolutionGuid = {5AF6C4E7-9C4D-4AB6-95B0-E741DF3BE5CB}
	EndGlobalSection
EndGlobal
